
Microsoft Visual Studio Solution File, Format Version 12.00
# Visual Studio 15
VisualStudioVersion = 15.0.35213.121
MinimumVisualStudioVersion = 10.0.40219.1
Project("{FAE04EC0-301F-11D3-BF4B-00C04F79EFBC}") = "Urun", "Urun\Urun.csproj", "{BA24AF93-A4AA-4663-BFBC-7979BA9E8695}"
EndProject
Global
	GlobalSection(SolutionConfigurationPlatforms) = preSolution
		Debug|Any CPU = Debug|Any CPU
		Release|Any CPU = Release|Any CPU
	EndGlobalSection
	GlobalSection(ProjectConfigurationPlatforms) = postSolution
		{BA24AF93-A4AA-4663-BFBC-7979BA9E8695}.Debug|Any CPU.ActiveCfg = Debug|Any CPU
		{BA24AF93-A4AA-4663-BFBC-7979BA9E8695}.Debug|Any CPU.Build.0 = Debug|Any CPU
		{BA24AF93-A4AA-4663-BFBC-7979BA9E8695}.Release|Any CPU.ActiveCfg = Release|Any CPU
		{BA24AF93-A4AA-4663-BFBC-7979BA9E8695}.Release|Any CPU.Build.0 = Release|Any CPU
	EndGlobalSection
	GlobalSection(SolutionProperties) = preSolution
		HideSolutionNode = FALSE
	EndGlobalSection
	GlobalSection(ExtensibilityGlobals) = postSolution
		SolutionGuid = {0ABE5181-E5F1-458D-9748-19D6F6F88858}
	EndGlobalSection
EndGlobal
