
Microsoft Visual Studio Solution File, Format Version 12.00
# Visual Studio 15
VisualStudioVersion = 15.0.35213.121
MinimumVisualStudioVersion = 10.0.40219.1
Project("{FAE04EC0-301F-11D3-BF4B-00C04F79EFBC}") = "BankaHesap", "BankaHesap\BankaHesap.csproj", "{932DE79A-6F8F-44D7-B0D7-A80480995169}"
EndProject
Global
	GlobalSection(SolutionConfigurationPlatforms) = preSolution
		Debug|Any CPU = Debug|Any CPU
		Release|Any CPU = Release|Any CPU
	EndGlobalSection
	GlobalSection(ProjectConfigurationPlatforms) = postSolution
		{932DE79A-6F8F-44D7-B0D7-A80480995169}.Debug|Any CPU.ActiveCfg = Debug|Any CPU
		{932DE79A-6F8F-44D7-B0D7-A80480995169}.Debug|Any CPU.Build.0 = Debug|Any CPU
		{932DE79A-6F8F-44D7-B0D7-A80480995169}.Release|Any CPU.ActiveCfg = Release|Any CPU
		{932DE79A-6F8F-44D7-B0D7-A80480995169}.Release|Any CPU.Build.0 = Release|Any CPU
	EndGlobalSection
	GlobalSection(SolutionProperties) = preSolution
		HideSolutionNode = FALSE
	EndGlobalSection
	GlobalSection(ExtensibilityGlobals) = postSolution
		SolutionGuid = {BF94B0D4-025E-4517-8684-01D9200FA4B6}
	EndGlobalSection
EndGlobal
